
Microsoft Visual Studio Solution File, Format Version 12.00
# Visual Studio Version 17
VisualStudioVersion = 17.0.31903.59
MinimumVisualStudioVersion = 10.0.40219.1
Project("{2150E333-8FDC-42A3-9474-1A3956D46DE8}") = "src", "src", "{8BB2717D-0F2D-46D1-9023-4B8C20B6D19A}"
EndProject
Project("{2150E333-8FDC-42A3-9474-1A3956D46DE8}") = "samples", "samples", "{F5C4E2E8-5D2B-4B2A-9E6C-1F5A7E8B1C8D}"
EndProject
Project("{2150E333-8FDC-42A3-9474-1A3956D46DE8}") = "docs", "docs", "{208BA388-4CEE-2CBF-559C-5607C099C1F8}"
EndProject
Project("{FAE04EC0-301F-11D3-BF4B-00C04F79EFBC}") = "DevPod.Provider.ACI", "src\DevPod.Provider.ACI\DevPod.Provider.ACI.csproj", "{0E601294-6F9E-432B-BC34-639A7D414D32}"
EndProject
Project("{FAE04EC0-301F-11D3-BF4B-00C04F79EFBC}") = "DevPod.Provider.ACI.Tests", "src\DevPod.Provider.ACI.Tests\DevPod.Provider.ACI.Tests.csproj", "{AD25CA0B-DDDE-4C2C-B1B6-214021B41194}"
EndProject
Project("{FAE04EC0-301F-11D3-BF4B-00C04F79EFBC}") = "HelloWorld", "samples\dotnet-hello-world\HelloWorld.csproj", "{EE5199A1-FA5F-4912-A3ED-2F138BCB017A}"
EndProject
Global
	GlobalSection(SolutionConfigurationPlatforms) = preSolution
		Debug|Any CPU = Debug|Any CPU
		Debug|x64 = Debug|x64
		Debug|arm64 = Debug|arm64
		Debug|x86 = Debug|x86
		Release|Any CPU = Release|Any CPU
		Release|x64 = Release|x64
		Release|arm64 = Release|arm64
		Release|x86 = Release|x86
	EndGlobalSection
	GlobalSection(ProjectConfigurationPlatforms) = postSolution
		{0E601294-6F9E-432B-BC34-639A7D414D32}.Debug|Any CPU.ActiveCfg = Debug|Any CPU
		{0E601294-6F9E-432B-BC34-639A7D414D32}.Debug|Any CPU.Build.0 = Debug|Any CPU
		{0E601294-6F9E-432B-BC34-639A7D414D32}.Debug|x64.ActiveCfg = Debug|Any CPU
		{0E601294-6F9E-432B-BC34-639A7D414D32}.Debug|x64.Build.0 = Debug|Any CPU
		{0E601294-6F9E-432B-BC34-639A7D414D32}.Debug|arm64.ActiveCfg = Debug|Any CPU
		{0E601294-6F9E-432B-BC34-639A7D414D32}.Debug|arm64.Build.0 = Debug|Any CPU
		{0E601294-6F9E-432B-BC34-639A7D414D32}.Debug|x86.ActiveCfg = Debug|Any CPU
		{0E601294-6F9E-432B-BC34-639A7D414D32}.Debug|x86.Build.0 = Debug|Any CPU
		{0E601294-6F9E-432B-BC34-639A7D414D32}.Release|Any CPU.ActiveCfg = Release|Any CPU
		{0E601294-6F9E-432B-BC34-639A7D414D32}.Release|Any CPU.Build.0 = Release|Any CPU
		{0E601294-6F9E-432B-BC34-639A7D414D32}.Release|x64.ActiveCfg = Release|Any CPU
		{0E601294-6F9E-432B-BC34-639A7D414D32}.Release|x64.Build.0 = Release|Any CPU
		{0E601294-6F9E-432B-BC34-639A7D414D32}.Release|arm64.ActiveCfg = Release|Any CPU
		{0E601294-6F9E-432B-BC34-639A7D414D32}.Release|arm64.Build.0 = Release|Any CPU
		{0E601294-6F9E-432B-BC34-639A7D414D32}.Release|x86.ActiveCfg = Release|Any CPU
		{0E601294-6F9E-432B-BC34-639A7D414D32}.Release|x86.Build.0 = Release|Any CPU
		{AD25CA0B-DDDE-4C2C-B1B6-214021B41194}.Debug|Any CPU.ActiveCfg = Debug|Any CPU
		{AD25CA0B-DDDE-4C2C-B1B6-214021B41194}.Debug|Any CPU.Build.0 = Debug|Any CPU
		{AD25CA0B-DDDE-4C2C-B1B6-214021B41194}.Debug|x64.ActiveCfg = Debug|Any CPU
		{AD25CA0B-DDDE-4C2C-B1B6-214021B41194}.Debug|x64.Build.0 = Debug|Any CPU
		{AD25CA0B-DDDE-4C2C-B1B6-214021B41194}.Debug|arm64.ActiveCfg = Debug|Any CPU
		{AD25CA0B-DDDE-4C2C-B1B6-214021B41194}.Debug|arm64.Build.0 = Debug|Any CPU
		{AD25CA0B-DDDE-4C2C-B1B6-214021B41194}.Debug|x86.ActiveCfg = Debug|Any CPU
		{AD25CA0B-DDDE-4C2C-B1B6-214021B41194}.Debug|x86.Build.0 = Debug|Any CPU
		{AD25CA0B-DDDE-4C2C-B1B6-214021B41194}.Release|Any CPU.ActiveCfg = Release|Any CPU
		{AD25CA0B-DDDE-4C2C-B1B6-214021B41194}.Release|Any CPU.Build.0 = Release|Any CPU
		{AD25CA0B-DDDE-4C2C-B1B6-214021B41194}.Release|x64.ActiveCfg = Release|Any CPU
		{AD25CA0B-DDDE-4C2C-B1B6-214021B41194}.Release|x64.Build.0 = Release|Any CPU
		{AD25CA0B-DDDE-4C2C-B1B6-214021B41194}.Release|arm64.ActiveCfg = Release|Any CPU
		{AD25CA0B-DDDE-4C2C-B1B6-214021B41194}.Release|arm64.Build.0 = Release|Any CPU
		{AD25CA0B-DDDE-4C2C-B1B6-214021B41194}.Release|x86.ActiveCfg = Release|Any CPU
		{AD25CA0B-DDDE-4C2C-B1B6-214021B41194}.Release|x86.Build.0 = Release|Any CPU
		{EE5199A1-FA5F-4912-A3ED-2F138BCB017A}.Debug|Any CPU.ActiveCfg = Debug|Any CPU
		{EE5199A1-FA5F-4912-A3ED-2F138BCB017A}.Debug|Any CPU.Build.0 = Debug|Any CPU
		{EE5199A1-FA5F-4912-A3ED-2F138BCB017A}.Debug|x64.ActiveCfg = Debug|Any CPU
		{EE5199A1-FA5F-4912-A3ED-2F138BCB017A}.Debug|x64.Build.0 = Debug|Any CPU
		{EE5199A1-FA5F-4912-A3ED-2F138BCB017A}.Debug|arm64.ActiveCfg = Debug|Any CPU
		{EE5199A1-FA5F-4912-A3ED-2F138BCB017A}.Debug|arm64.Build.0 = Debug|Any CPU
		{EE5199A1-FA5F-4912-A3ED-2F138BCB017A}.Debug|x86.ActiveCfg = Debug|Any CPU
		{EE5199A1-FA5F-4912-A3ED-2F138BCB017A}.Debug|x86.Build.0 = Debug|Any CPU
		{EE5199A1-FA5F-4912-A3ED-2F138BCB017A}.Release|Any CPU.ActiveCfg = Release|Any CPU
		{EE5199A1-FA5F-4912-A3ED-2F138BCB017A}.Release|Any CPU.Build.0 = Release|Any CPU
		{EE5199A1-FA5F-4912-A3ED-2F138BCB017A}.Release|x64.ActiveCfg = Release|Any CPU
		{EE5199A1-FA5F-4912-A3ED-2F138BCB017A}.Release|x64.Build.0 = Release|Any CPU
		{EE5199A1-FA5F-4912-A3ED-2F138BCB017A}.Release|arm64.ActiveCfg = Release|Any CPU
		{EE5199A1-FA5F-4912-A3ED-2F138BCB017A}.Release|arm64.Build.0 = Release|Any CPU
		{EE5199A1-FA5F-4912-A3ED-2F138BCB017A}.Release|x86.ActiveCfg = Release|Any CPU
		{EE5199A1-FA5F-4912-A3ED-2F138BCB017A}.Release|x86.Build.0 = Release|Any CPU
	EndGlobalSection
	GlobalSection(SolutionProperties) = preSolution
		HideSolutionNode = FALSE
	EndGlobalSection
	GlobalSection(NestedProjects) = preSolution
		{0E601294-6F9E-432B-BC34-639A7D414D32} = {8BB2717D-0F2D-46D1-9023-4B8C20B6D19A}
		{AD25CA0B-DDDE-4C2C-B1B6-214021B41194} = {8BB2717D-0F2D-46D1-9023-4B8C20B6D19A}
		{EE5199A1-FA5F-4912-A3ED-2F138BCB017A} = {F5C4E2E8-5D2B-4B2A-9E6C-1F5A7E8B1C8D}
	EndGlobalSection
EndGlobal
